
Microsoft Visual Studio Solution File, Format Version 12.00
# Visual Studio Version 16
VisualStudioVersion = 16.0.32002.261
MinimumVisualStudioVersion = 10.0.40219.1
Project("{00D1A9C2-B5F0-4AF3-8072-F6C62B433612}") = "Database1", "Database1.sqlproj", "{D3D3D092-E8B0-49BC-95D6-29BF8AC49472}"
EndProject
Global
	GlobalSection(SolutionConfigurationPlatforms) = preSolution
		Debug|Any CPU = Debug|Any CPU
		Release|Any CPU = Release|Any CPU
	EndGlobalSection
	GlobalSection(ProjectConfigurationPlatforms) = postSolution
		{D3D3D092-E8B0-49BC-95D6-29BF8AC49472}.Debug|Any CPU.ActiveCfg = Debug|Any CPU
		{D3D3D092-E8B0-49BC-95D6-29BF8AC49472}.Debug|Any CPU.Build.0 = Debug|Any CPU
		{D3D3D092-E8B0-49BC-95D6-29BF8AC49472}.Debug|Any CPU.Deploy.0 = Debug|Any CPU
		{D3D3D092-E8B0-49BC-95D6-29BF8AC49472}.Release|Any CPU.ActiveCfg = Release|Any CPU
		{D3D3D092-E8B0-49BC-95D6-29BF8AC49472}.Release|Any CPU.Build.0 = Release|Any CPU
		{D3D3D092-E8B0-49BC-95D6-29BF8AC49472}.Release|Any CPU.Deploy.0 = Release|Any CPU
	EndGlobalSection
	GlobalSection(SolutionProperties) = preSolution
		HideSolutionNode = FALSE
	EndGlobalSection
	GlobalSection(ExtensibilityGlobals) = postSolution
		SolutionGuid = {B221FC6E-A474-4D60-83EA-3F5D52FB503E}
	EndGlobalSection
EndGlobal
